
Microsoft Visual Studio Solution File, Format Version 12.00
# Blend for Visual Studio 14
VisualStudioVersion = 14.0.24720.0
MinimumVisualStudioVersion = 10.0.40219.1
Project("{FAE04EC0-301F-11D3-BF4B-00C04F79EFBC}") = "ProjectWerner", "ProjectWerner\ProjectWerner.csproj", "{2EC79477-5E2A-4A1F-860A-4404B65B2BBB}"
	ProjectSection(ProjectDependencies) = postProject
		{DA979842-6518-4E44-A6B9-EE0D5F3E6E69} = {DA979842-6518-4E44-A6B9-EE0D5F3E6E69}
		{8A8AF374-2C9B-4921-8A72-238A1BF2B831} = {8A8AF374-2C9B-4921-8A72-238A1BF2B831}
		{68F375C3-6467-41F5-AD23-102F228A5DCC} = {68F375C3-6467-41F5-AD23-102F228A5DCC}
	EndProjectSection
EndProject
Project("{FAE04EC0-301F-11D3-BF4B-00C04F79EFBC}") = "ProjectWerner.Contracts", "ProjectWerner.Contracts\ProjectWerner.Contracts.csproj", "{C3A9A4FC-EFDC-4923-B8C5-3160911E5967}"
EndProject
Project("{2150E333-8FDC-42A3-9474-1A3956D46DE8}") = "Extensions", "Extensions", "{9349AC9C-09BB-4FCB-8F2E-A6C99DEA8D3D}"
EndProject
Project("{FAE04EC0-301F-11D3-BF4B-00C04F79EFBC}") = "ProjectWerner.ServiceLocator", "ProjectWerner.ServiceLocator\ProjectWerner.ServiceLocator.csproj", "{2B186FFE-10DB-436D-993C-12A05D994EA7}"
EndProject
Project("{2150E333-8FDC-42A3-9474-1A3956D46DE8}") = "Solution Items", "Solution Items", "{61A4030C-64A8-491C-A4F8-9C7D95888668}"
	ProjectSection(SolutionItems) = preProject
		PluginTemplate\Extensions.ExamplePluginName.zip = PluginTemplate\Extensions.ExamplePluginName.zip
		PluginTemplate\HowToDeploy.txt = PluginTemplate\HowToDeploy.txt
		PluginTemplate\HowToUpdate.txt = PluginTemplate\HowToUpdate.txt
	EndProjectSection
EndProject
Project("{2150E333-8FDC-42A3-9474-1A3956D46DE8}") = "Template", "Template", "{EA17455F-1BA8-4D6B-9706-26F7DA8B94A0}"
	ProjectSection(SolutionItems) = preProject
		PluginTemplate\ProjectWerner\Extensions.ExamplePluginName\__TemplateIcon.ico = PluginTemplate\ProjectWerner\Extensions.ExamplePluginName\__TemplateIcon.ico
		PluginTemplate\ProjectWerner\Extensions.ExamplePluginName\Properties\AssemblyInfo.cs = PluginTemplate\ProjectWerner\Extensions.ExamplePluginName\Properties\AssemblyInfo.cs
		PluginTemplate\ProjectWerner\Extensions.ExamplePluginName\Extensions.ExamplePluginName.csproj = PluginTemplate\ProjectWerner\Extensions.ExamplePluginName\Extensions.ExamplePluginName.csproj
		PluginTemplate\ProjectWerner\Extensions.ExamplePluginName\Views\MainView.xaml = PluginTemplate\ProjectWerner\Extensions.ExamplePluginName\Views\MainView.xaml
		PluginTemplate\ProjectWerner\Extensions.ExamplePluginName\Views\MainView.xaml.cs = PluginTemplate\ProjectWerner\Extensions.ExamplePluginName\Views\MainView.xaml.cs
		PluginTemplate\ProjectWerner\Extensions.ExamplePluginName\ViewModels\MainViewModel.cs = PluginTemplate\ProjectWerner\Extensions.ExamplePluginName\ViewModels\MainViewModel.cs
		PluginTemplate\ProjectWerner\Extensions.ExamplePluginName\MyTemplate.vstemplate = PluginTemplate\ProjectWerner\Extensions.ExamplePluginName\MyTemplate.vstemplate
	EndProjectSection
EndProject
Project("{FAE04EC0-301F-11D3-BF4B-00C04F79EFBC}") = "Extensions.HelloWorld", "Extensions\Extensions.HelloWorld\Extensions.HelloWorld.csproj", "{51490632-27E6-40B6-AD99-241EF7A86C78}"
EndProject
Project("{FAE04EC0-301F-11D3-BF4B-00C04F79EFBC}") = "Extensions.ExamplePluginA", "Extensions\Extensions.ExamplePluginA\Extensions.ExamplePluginA.csproj", "{68F375C3-6467-41F5-AD23-102F228A5DCC}"
EndProject
Project("{FAE04EC0-301F-11D3-BF4B-00C04F79EFBC}") = "Extensions.ExamplePluginB", "Extensions\Extensions.ExamplePluginB\Extensions.ExamplePluginB.csproj", "{8A8AF374-2C9B-4921-8A72-238A1BF2B831}"
EndProject
Project("{FAE04EC0-301F-11D3-BF4B-00C04F79EFBC}") = "Extensions.Face2Speech", "Extensions\Extensions.Face2Speech\Extensions.Face2Speech.csproj", "{DA979842-6518-4E44-A6B9-EE0D5F3E6E69}"
EndProject
Global
	GlobalSection(SolutionConfigurationPlatforms) = preSolution
		Debug|Any CPU = Debug|Any CPU
		Release|Any CPU = Release|Any CPU
	EndGlobalSection
	GlobalSection(ProjectConfigurationPlatforms) = postSolution
		{2EC79477-5E2A-4A1F-860A-4404B65B2BBB}.Debug|Any CPU.ActiveCfg = Debug|Any CPU
		{2EC79477-5E2A-4A1F-860A-4404B65B2BBB}.Debug|Any CPU.Build.0 = Debug|Any CPU
		{2EC79477-5E2A-4A1F-860A-4404B65B2BBB}.Release|Any CPU.ActiveCfg = Release|Any CPU
		{2EC79477-5E2A-4A1F-860A-4404B65B2BBB}.Release|Any CPU.Build.0 = Release|Any CPU
		{C3A9A4FC-EFDC-4923-B8C5-3160911E5967}.Debug|Any CPU.ActiveCfg = Debug|Any CPU
		{C3A9A4FC-EFDC-4923-B8C5-3160911E5967}.Debug|Any CPU.Build.0 = Debug|Any CPU
		{C3A9A4FC-EFDC-4923-B8C5-3160911E5967}.Release|Any CPU.ActiveCfg = Release|Any CPU
		{C3A9A4FC-EFDC-4923-B8C5-3160911E5967}.Release|Any CPU.Build.0 = Release|Any CPU
		{2B186FFE-10DB-436D-993C-12A05D994EA7}.Debug|Any CPU.ActiveCfg = Debug|Any CPU
		{2B186FFE-10DB-436D-993C-12A05D994EA7}.Debug|Any CPU.Build.0 = Debug|Any CPU
		{2B186FFE-10DB-436D-993C-12A05D994EA7}.Release|Any CPU.ActiveCfg = Release|Any CPU
		{2B186FFE-10DB-436D-993C-12A05D994EA7}.Release|Any CPU.Build.0 = Release|Any CPU
		{51490632-27E6-40B6-AD99-241EF7A86C78}.Debug|Any CPU.ActiveCfg = Debug|Any CPU
		{51490632-27E6-40B6-AD99-241EF7A86C78}.Debug|Any CPU.Build.0 = Debug|Any CPU
		{51490632-27E6-40B6-AD99-241EF7A86C78}.Release|Any CPU.ActiveCfg = Release|Any CPU
		{51490632-27E6-40B6-AD99-241EF7A86C78}.Release|Any CPU.Build.0 = Release|Any CPU
		{68F375C3-6467-41F5-AD23-102F228A5DCC}.Debug|Any CPU.ActiveCfg = Debug|Any CPU
		{68F375C3-6467-41F5-AD23-102F228A5DCC}.Debug|Any CPU.Build.0 = Debug|Any CPU
		{68F375C3-6467-41F5-AD23-102F228A5DCC}.Release|Any CPU.ActiveCfg = Release|Any CPU
		{68F375C3-6467-41F5-AD23-102F228A5DCC}.Release|Any CPU.Build.0 = Release|Any CPU
		{8A8AF374-2C9B-4921-8A72-238A1BF2B831}.Debug|Any CPU.ActiveCfg = Debug|Any CPU
		{8A8AF374-2C9B-4921-8A72-238A1BF2B831}.Debug|Any CPU.Build.0 = Debug|Any CPU
		{8A8AF374-2C9B-4921-8A72-238A1BF2B831}.Release|Any CPU.ActiveCfg = Release|Any CPU
		{8A8AF374-2C9B-4921-8A72-238A1BF2B831}.Release|Any CPU.Build.0 = Release|Any CPU
		{DA979842-6518-4E44-A6B9-EE0D5F3E6E69}.Debug|Any CPU.ActiveCfg = Debug|Any CPU
		{DA979842-6518-4E44-A6B9-EE0D5F3E6E69}.Debug|Any CPU.Build.0 = Debug|Any CPU
		{DA979842-6518-4E44-A6B9-EE0D5F3E6E69}.Release|Any CPU.ActiveCfg = Release|Any CPU
		{DA979842-6518-4E44-A6B9-EE0D5F3E6E69}.Release|Any CPU.Build.0 = Release|Any CPU
	EndGlobalSection
	GlobalSection(SolutionProperties) = preSolution
		HideSolutionNode = FALSE
	EndGlobalSection
	GlobalSection(NestedProjects) = preSolution
		{EA17455F-1BA8-4D6B-9706-26F7DA8B94A0} = {61A4030C-64A8-491C-A4F8-9C7D95888668}
		{51490632-27E6-40B6-AD99-241EF7A86C78} = {9349AC9C-09BB-4FCB-8F2E-A6C99DEA8D3D}
		{68F375C3-6467-41F5-AD23-102F228A5DCC} = {9349AC9C-09BB-4FCB-8F2E-A6C99DEA8D3D}
		{8A8AF374-2C9B-4921-8A72-238A1BF2B831} = {9349AC9C-09BB-4FCB-8F2E-A6C99DEA8D3D}
		{DA979842-6518-4E44-A6B9-EE0D5F3E6E69} = {9349AC9C-09BB-4FCB-8F2E-A6C99DEA8D3D}
	EndGlobalSection
EndGlobal
