
Microsoft Visual Studio Solution File, Format Version 12.00
# Visual Studio 14
VisualStudioVersion = 14.0.25420.1
MinimumVisualStudioVersion = 10.0.40219.1
Project("{FAE04EC0-301F-11D3-BF4B-00C04F79EFBC}") = "ProjectWerner", "ProjectWerner\ProjectWerner.csproj", "{2EC79477-5E2A-4A1F-860A-4404B65B2BBB}"
	ProjectSection(ProjectDependencies) = postProject
		{DA979842-6518-4E44-A6B9-EE0D5F3E6E69} = {DA979842-6518-4E44-A6B9-EE0D5F3E6E69}
	EndProjectSection
EndProject
Project("{FAE04EC0-301F-11D3-BF4B-00C04F79EFBC}") = "ProjectWerner.Contracts", "ProjectWerner.Contracts\ProjectWerner.Contracts.csproj", "{C3A9A4FC-EFDC-4923-B8C5-3160911E5967}"
EndProject
Project("{FAE04EC0-301F-11D3-BF4B-00C04F79EFBC}") = "ProjectWerner.ServiceLocator", "ProjectWerner.ServiceLocator\ProjectWerner.ServiceLocator.csproj", "{2B186FFE-10DB-436D-993C-12A05D994EA7}"
EndProject
Project("{2150E333-8FDC-42A3-9474-1A3956D46DE8}") = "Solution Items", "Solution Items", "{61A4030C-64A8-491C-A4F8-9C7D95888668}"
	ProjectSection(SolutionItems) = preProject
		PluginTemplate\Extensions.ExamplePluginName.zip = PluginTemplate\Extensions.ExamplePluginName.zip
		PluginTemplate\HowToDeploy.txt = PluginTemplate\HowToDeploy.txt
		PluginTemplate\HowToUpdate.txt = PluginTemplate\HowToUpdate.txt
	EndProjectSection
EndProject
Project("{2150E333-8FDC-42A3-9474-1A3956D46DE8}") = "Template", "Template", "{EA17455F-1BA8-4D6B-9706-26F7DA8B94A0}"
	ProjectSection(SolutionItems) = preProject
		PluginTemplate\ProjectWerner\Extensions.ExamplePluginName\__TemplateIcon.ico = PluginTemplate\ProjectWerner\Extensions.ExamplePluginName\__TemplateIcon.ico
		PluginTemplate\ProjectWerner\Extensions.ExamplePluginName\Properties\AssemblyInfo.cs = PluginTemplate\ProjectWerner\Extensions.ExamplePluginName\Properties\AssemblyInfo.cs
		PluginTemplate\ProjectWerner\Extensions.ExamplePluginName\Extensions.ExamplePluginName.csproj = PluginTemplate\ProjectWerner\Extensions.ExamplePluginName\Extensions.ExamplePluginName.csproj
		PluginTemplate\ProjectWerner\Extensions.ExamplePluginName\Views\MainView.xaml = PluginTemplate\ProjectWerner\Extensions.ExamplePluginName\Views\MainView.xaml
		PluginTemplate\ProjectWerner\Extensions.ExamplePluginName\Views\MainView.xaml.cs = PluginTemplate\ProjectWerner\Extensions.ExamplePluginName\Views\MainView.xaml.cs
		PluginTemplate\ProjectWerner\Extensions.ExamplePluginName\ViewModels\MainViewModel.cs = PluginTemplate\ProjectWerner\Extensions.ExamplePluginName\ViewModels\MainViewModel.cs
		PluginTemplate\ProjectWerner\Extensions.ExamplePluginName\MyTemplate.vstemplate = PluginTemplate\ProjectWerner\Extensions.ExamplePluginName\MyTemplate.vstemplate
	EndProjectSection
EndProject
Project("{FAE04EC0-301F-11D3-BF4B-00C04F79EFBC}") = "ProjectWerner.Face2Speech", "ProjectWerner.Face2Speech\ProjectWerner.Face2Speech.csproj", "{DA979842-6518-4E44-A6B9-EE0D5F3E6E69}"
EndProject
Project("{2150E333-8FDC-42A3-9474-1A3956D46DE8}") = "Extensions", "Extensions", "{E298A62E-0424-4293-95D1-7E8A513F39A0}"
EndProject
Global
	GlobalSection(SolutionConfigurationPlatforms) = preSolution
		Debug|Any CPU = Debug|Any CPU
		Debug|x86 = Debug|x86
		Release|Any CPU = Release|Any CPU
		Release|x86 = Release|x86
	EndGlobalSection
	GlobalSection(ProjectConfigurationPlatforms) = postSolution
		{2EC79477-5E2A-4A1F-860A-4404B65B2BBB}.Debug|Any CPU.ActiveCfg = Debug|x86
		{2EC79477-5E2A-4A1F-860A-4404B65B2BBB}.Debug|Any CPU.Build.0 = Debug|x86
		{2EC79477-5E2A-4A1F-860A-4404B65B2BBB}.Debug|x86.ActiveCfg = Debug|x86
		{2EC79477-5E2A-4A1F-860A-4404B65B2BBB}.Debug|x86.Build.0 = Debug|x86
		{2EC79477-5E2A-4A1F-860A-4404B65B2BBB}.Release|Any CPU.ActiveCfg = Release|Any CPU
		{2EC79477-5E2A-4A1F-860A-4404B65B2BBB}.Release|Any CPU.Build.0 = Release|Any CPU
		{2EC79477-5E2A-4A1F-860A-4404B65B2BBB}.Release|x86.ActiveCfg = Release|x86
		{2EC79477-5E2A-4A1F-860A-4404B65B2BBB}.Release|x86.Build.0 = Release|x86
		{C3A9A4FC-EFDC-4923-B8C5-3160911E5967}.Debug|Any CPU.ActiveCfg = Debug|Any CPU
		{C3A9A4FC-EFDC-4923-B8C5-3160911E5967}.Debug|Any CPU.Build.0 = Debug|Any CPU
		{C3A9A4FC-EFDC-4923-B8C5-3160911E5967}.Debug|x86.ActiveCfg = Debug|x86
		{C3A9A4FC-EFDC-4923-B8C5-3160911E5967}.Debug|x86.Build.0 = Debug|x86
		{C3A9A4FC-EFDC-4923-B8C5-3160911E5967}.Release|Any CPU.ActiveCfg = Release|Any CPU
		{C3A9A4FC-EFDC-4923-B8C5-3160911E5967}.Release|Any CPU.Build.0 = Release|Any CPU
		{C3A9A4FC-EFDC-4923-B8C5-3160911E5967}.Release|x86.ActiveCfg = Release|x86
		{C3A9A4FC-EFDC-4923-B8C5-3160911E5967}.Release|x86.Build.0 = Release|x86
		{2B186FFE-10DB-436D-993C-12A05D994EA7}.Debug|Any CPU.ActiveCfg = Debug|Any CPU
		{2B186FFE-10DB-436D-993C-12A05D994EA7}.Debug|Any CPU.Build.0 = Debug|Any CPU
		{2B186FFE-10DB-436D-993C-12A05D994EA7}.Debug|x86.ActiveCfg = Debug|x86
		{2B186FFE-10DB-436D-993C-12A05D994EA7}.Debug|x86.Build.0 = Debug|x86
		{2B186FFE-10DB-436D-993C-12A05D994EA7}.Release|Any CPU.ActiveCfg = Release|Any CPU
		{2B186FFE-10DB-436D-993C-12A05D994EA7}.Release|Any CPU.Build.0 = Release|Any CPU
		{2B186FFE-10DB-436D-993C-12A05D994EA7}.Release|x86.ActiveCfg = Release|x86
		{2B186FFE-10DB-436D-993C-12A05D994EA7}.Release|x86.Build.0 = Release|x86
		{DA979842-6518-4E44-A6B9-EE0D5F3E6E69}.Debug|Any CPU.ActiveCfg = Debug|Any CPU
		{DA979842-6518-4E44-A6B9-EE0D5F3E6E69}.Debug|Any CPU.Build.0 = Debug|Any CPU
		{DA979842-6518-4E44-A6B9-EE0D5F3E6E69}.Debug|x86.ActiveCfg = Debug|x86
		{DA979842-6518-4E44-A6B9-EE0D5F3E6E69}.Debug|x86.Build.0 = Debug|x86
		{DA979842-6518-4E44-A6B9-EE0D5F3E6E69}.Release|Any CPU.ActiveCfg = Release|Any CPU
		{DA979842-6518-4E44-A6B9-EE0D5F3E6E69}.Release|Any CPU.Build.0 = Release|Any CPU
		{DA979842-6518-4E44-A6B9-EE0D5F3E6E69}.Release|x86.ActiveCfg = Release|x86
		{DA979842-6518-4E44-A6B9-EE0D5F3E6E69}.Release|x86.Build.0 = Release|x86
	EndGlobalSection
	GlobalSection(SolutionProperties) = preSolution
		HideSolutionNode = FALSE
	EndGlobalSection
	GlobalSection(NestedProjects) = preSolution
		{EA17455F-1BA8-4D6B-9706-26F7DA8B94A0} = {61A4030C-64A8-491C-A4F8-9C7D95888668}
		{DA979842-6518-4E44-A6B9-EE0D5F3E6E69} = {E298A62E-0424-4293-95D1-7E8A513F39A0}
	EndGlobalSection
EndGlobal
